
Microsoft Visual Studio Solution File, Format Version 12.00
# Visual Studio Version 17
VisualStudioVersion = 17.14.36603.0 d17.14
MinimumVisualStudioVersion = 10.0.40219.1
Project("{FAE04EC0-301F-11D3-BF4B-00C04F79EFBC}") = "Exercise1", "Exercise1\Exercise1.csproj", "{591827C2-CFCF-445A-AA50-87F972FCB451}"
EndProject
Project("{FAE04EC0-301F-11D3-BF4B-00C04F79EFBC}") = "Example2", "Example2\Example2.csproj", "{1E5A294C-0B7D-418D-92AB-DD539865E40E}"
EndProject
Global
	GlobalSection(SolutionConfigurationPlatforms) = preSolution
		Debug|Any CPU = Debug|Any CPU
		Release|Any CPU = Release|Any CPU
	EndGlobalSection
	GlobalSection(ProjectConfigurationPlatforms) = postSolution
		{591827C2-CFCF-445A-AA50-87F972FCB451}.Debug|Any CPU.ActiveCfg = Debug|Any CPU
		{591827C2-CFCF-445A-AA50-87F972FCB451}.Debug|Any CPU.Build.0 = Debug|Any CPU
		{591827C2-CFCF-445A-AA50-87F972FCB451}.Release|Any CPU.ActiveCfg = Release|Any CPU
		{591827C2-CFCF-445A-AA50-87F972FCB451}.Release|Any CPU.Build.0 = Release|Any CPU
		{1E5A294C-0B7D-418D-92AB-DD539865E40E}.Debug|Any CPU.ActiveCfg = Debug|Any CPU
		{1E5A294C-0B7D-418D-92AB-DD539865E40E}.Debug|Any CPU.Build.0 = Debug|Any CPU
		{1E5A294C-0B7D-418D-92AB-DD539865E40E}.Release|Any CPU.ActiveCfg = Release|Any CPU
		{1E5A294C-0B7D-418D-92AB-DD539865E40E}.Release|Any CPU.Build.0 = Release|Any CPU
	EndGlobalSection
	GlobalSection(SolutionProperties) = preSolution
		HideSolutionNode = FALSE
	EndGlobalSection
	GlobalSection(ExtensibilityGlobals) = postSolution
		SolutionGuid = {ADF2A5A2-0384-4527-BAB9-842453B9DDBE}
	EndGlobalSection
EndGlobal
